
Microsoft Visual Studio Solution File, Format Version 12.00
# Visual Studio Version 16
VisualStudioVersion = 16.0.30523.141
MinimumVisualStudioVersion = 10.0.40219.1
Project("{FAE04EC0-301F-11D3-BF4B-00C04F79EFBC}") = "06_RM_GB4PW8", "06_RM_GB4PW8\06_RM_GB4PW8.csproj", "{286C3B35-441F-425A-A992-411FB149612A}"
EndProject
Global
	GlobalSection(SolutionConfigurationPlatforms) = preSolution
		Debug|Any CPU = Debug|Any CPU
		Release|Any CPU = Release|Any CPU
	EndGlobalSection
	GlobalSection(ProjectConfigurationPlatforms) = postSolution
		{286C3B35-441F-425A-A992-411FB149612A}.Debug|Any CPU.ActiveCfg = Debug|Any CPU
		{286C3B35-441F-425A-A992-411FB149612A}.Debug|Any CPU.Build.0 = Debug|Any CPU
		{286C3B35-441F-425A-A992-411FB149612A}.Release|Any CPU.ActiveCfg = Release|Any CPU
		{286C3B35-441F-425A-A992-411FB149612A}.Release|Any CPU.Build.0 = Release|Any CPU
	EndGlobalSection
	GlobalSection(SolutionProperties) = preSolution
		HideSolutionNode = FALSE
	EndGlobalSection
	GlobalSection(ExtensibilityGlobals) = postSolution
		SolutionGuid = {38E468D7-4B5A-4EEC-9AFE-275B8B3CCA2D}
	EndGlobalSection
EndGlobal
